
Microsoft Visual Studio Solution File, Format Version 12.00
# Visual Studio Version 17
VisualStudioVersion = 17.9.34622.214
MinimumVisualStudioVersion = 10.0.40219.1
Project("{FAE04EC0-301F-11D3-BF4B-00C04F79EFBC}") = "ktane_irl", "ktane_irl.csproj", "{B746097F-9FEA-4A90-AA98-C7051A418974}"
EndProject
Global
	GlobalSection(SolutionConfigurationPlatforms) = preSolution
		Debug|Any CPU = Debug|Any CPU
		Release|Any CPU = Release|Any CPU
	EndGlobalSection
	GlobalSection(ProjectConfigurationPlatforms) = postSolution
		{B746097F-9FEA-4A90-AA98-C7051A418974}.Debug|Any CPU.ActiveCfg = Debug|Any CPU
		{B746097F-9FEA-4A90-AA98-C7051A418974}.Debug|Any CPU.Build.0 = Debug|Any CPU
		{B746097F-9FEA-4A90-AA98-C7051A418974}.Release|Any CPU.ActiveCfg = Release|Any CPU
		{B746097F-9FEA-4A90-AA98-C7051A418974}.Release|Any CPU.Build.0 = Release|Any CPU
	EndGlobalSection
	GlobalSection(SolutionProperties) = preSolution
		HideSolutionNode = FALSE
	EndGlobalSection
	GlobalSection(ExtensibilityGlobals) = postSolution
		SolutionGuid = {B238E537-4BEE-4A0F-A3DD-69093CF9F7C4}
	EndGlobalSection
EndGlobal
